{
  "name": "alan-hertanto-site-threejs",
  "lockfileVersion": 3,
  "requires": true,
  "packages": {
    "": {
      "dependencies": {
        "@ksedline/turnjs": "^0.1.0",
        "gsap": "^3.13.0",
        "page-flip": "^2.0.7",
        "swiper": "^11.2.8",
        "three": "^0.177.0"
      }
    },
    "node_modules/@ksedline/turnjs": {
      "version": "0.1.0",
      "resolved": "https://registry.npmjs.org/@ksedline/turnjs/-/turnjs-0.1.0.tgz",
      "integrity": "sha512-2tE/k/ZuVKFm4FRnufDHyzDnHYBWNMaddDNfd4/u3LhVWWeapTIQBI6zn4xtcNLHeerRwthItJ5aVPPblpUxhg=="
    },
    "node_modules/gsap": {
      "version": "3.13.0",
      "resolved": "https://registry.npmjs.org/gsap/-/gsap-3.13.0.tgz",
      "integrity": "sha512-QL7MJ2WMjm1PHWsoFrAQH/J8wUeqZvMtHO58qdekHpCfhvhSL4gSiz6vJf5EeMP0LOn3ZCprL2ki/gjED8ghVw=="
    },
    "node_modules/page-flip": {
      "version": "2.0.7",
      "resolved": "https://registry.npmjs.org/page-flip/-/page-flip-2.0.7.tgz",
      "integrity": "sha512-96lQFUUz7r/LZzEUZJ3yBIMEKU9+m8HMFDzTvTdD6P7Ag/wXINjp9n0W7b4wanwnDbQETo4uNUoL3zMqpFxwGA=="
    },
    "node_modules/swiper": {
      "version": "11.2.8",
      "resolved": "https://registry.npmjs.org/swiper/-/swiper-11.2.8.tgz",
      "integrity": "sha512-S5FVf6zWynPWooi7pJ7lZhSUe2snTzqLuUzbd5h5PHUOhzgvW0bLKBd2wv0ixn6/5o9vwc/IkQT74CRcLJQzeg==",
      "funding": [
        {
          "type": "patreon",
          "url": "https://www.patreon.com/swiperjs"
        },
        {
          "type": "open_collective",
          "url": "http://opencollective.com/swiper"
        }
      ],
      "engines": {
        "node": ">= 4.7.0"
      }
    },
    "node_modules/three": {
      "version": "0.177.0",
      "resolved": "https://registry.npmjs.org/three/-/three-0.177.0.tgz",
      "integrity": "sha512-EiXv5/qWAaGI+Vz2A+JfavwYCMdGjxVsrn3oBwllUoqYeaBO75J63ZfyaQKoiLrqNHoTlUc6PFgMXnS0kI45zg=="
    }
  }
}
